
Microsoft Visual Studio Solution File, Format Version 12.00
# Visual Studio Version 17
VisualStudioVersion = 17.3.32825.248
MinimumVisualStudioVersion = 10.0.40219.1
Project("{FAE04EC0-301F-11D3-BF4B-00C04F79EFBC}") = "AnimalWebApi", "AnimalWebApi\AnimalWebApi.csproj", "{ABB717FD-2EEA-41BC-80DF-E2DD629C9038}"
EndProject
Global
	GlobalSection(SolutionConfigurationPlatforms) = preSolution
		Debug|Any CPU = Debug|Any CPU
		Release|Any CPU = Release|Any CPU
	EndGlobalSection
	GlobalSection(ProjectConfigurationPlatforms) = postSolution
		{ABB717FD-2EEA-41BC-80DF-E2DD629C9038}.Debug|Any CPU.ActiveCfg = Debug|Any CPU
		{ABB717FD-2EEA-41BC-80DF-E2DD629C9038}.Debug|Any CPU.Build.0 = Debug|Any CPU
		{ABB717FD-2EEA-41BC-80DF-E2DD629C9038}.Release|Any CPU.ActiveCfg = Release|Any CPU
		{ABB717FD-2EEA-41BC-80DF-E2DD629C9038}.Release|Any CPU.Build.0 = Release|Any CPU
	EndGlobalSection
	GlobalSection(SolutionProperties) = preSolution
		HideSolutionNode = FALSE
	EndGlobalSection
	GlobalSection(ExtensibilityGlobals) = postSolution
		SolutionGuid = {4DFA7798-DD9C-4C4D-8532-37F193E09DF2}
	EndGlobalSection
EndGlobal
